
Microsoft Visual Studio Solution File, Format Version 12.00
# Visual Studio Version 16
VisualStudioVersion = 16.0.32002.261
MinimumVisualStudioVersion = 10.0.40219.1
Project("{FAE04EC0-301F-11D3-BF4B-00C04F79EFBC}") = "Leave-Management", "Leave-Management.csproj", "{FFC7C33F-0C7B-44C2-B6E7-ECC22EDED4AA}"
EndProject
Global
	GlobalSection(SolutionConfigurationPlatforms) = preSolution
		Debug|Any CPU = Debug|Any CPU
		Release|Any CPU = Release|Any CPU
	EndGlobalSection
	GlobalSection(ProjectConfigurationPlatforms) = postSolution
		{FFC7C33F-0C7B-44C2-B6E7-ECC22EDED4AA}.Debug|Any CPU.ActiveCfg = Debug|Any CPU
		{FFC7C33F-0C7B-44C2-B6E7-ECC22EDED4AA}.Debug|Any CPU.Build.0 = Debug|Any CPU
		{FFC7C33F-0C7B-44C2-B6E7-ECC22EDED4AA}.Release|Any CPU.ActiveCfg = Release|Any CPU
		{FFC7C33F-0C7B-44C2-B6E7-ECC22EDED4AA}.Release|Any CPU.Build.0 = Release|Any CPU
	EndGlobalSection
	GlobalSection(SolutionProperties) = preSolution
		HideSolutionNode = FALSE
	EndGlobalSection
	GlobalSection(ExtensibilityGlobals) = postSolution
		SolutionGuid = {94CEA574-5E74-49CE-9B41-B28F83AC2AC4}
	EndGlobalSection
EndGlobal
